// !$*UTF8*$!
{
	archiveVersion = 1;
	classes = {
	};
	objectVersion = 56;
	objects = {

/* Begin PBXBuildFile section */
		F64479102B8E55A400A5812C /* PokedexProjectIOSApp.swift in Sources */ = {isa = PBXBuildFile; fileRef = F644790F2B8E55A400A5812C /* PokedexProjectIOSApp.swift */; };
		F64479162B8E55A500A5812C /* Assets.xcassets in Resources */ = {isa = PBXBuildFile; fileRef = F64479152B8E55A500A5812C /* Assets.xcassets */; };
		F64479192B8E55A500A5812C /* Preview Assets.xcassets in Resources */ = {isa = PBXBuildFile; fileRef = F64479182B8E55A500A5812C /* Preview Assets.xcassets */; };
		F6668D552B97876800ED2C9C /* Pokemon.swift in Sources */ = {isa = PBXBuildFile; fileRef = F6668D542B97876800ED2C9C /* Pokemon.swift */; };
		F6668D572B9787E500ED2C9C /* PokemonItemView.swift in Sources */ = {isa = PBXBuildFile; fileRef = F6668D562B9787E500ED2C9C /* PokemonItemView.swift */; };
		F6668D592B97881800ED2C9C /* PokemonListView.swift in Sources */ = {isa = PBXBuildFile; fileRef = F6668D582B97881800ED2C9C /* PokemonListView.swift */; };
		F6668D5B2B978CC300ED2C9C /* ContentView.swift in Sources */ = {isa = PBXBuildFile; fileRef = F6668D5A2B978CC300ED2C9C /* ContentView.swift */; };
		F6668D5F2B97949400ED2C9C /* ViewModel.swift in Sources */ = {isa = PBXBuildFile; fileRef = F6668D5E2B97949400ED2C9C /* ViewModel.swift */; };
		F679C2652B9E660100F2EC75 /* NetworkManager.swift in Sources */ = {isa = PBXBuildFile; fileRef = F679C2642B9E660100F2EC75 /* NetworkManager.swift */; };
		F679C2672B9E80B300F2EC75 /* PokemonDetails.swift in Sources */ = {isa = PBXBuildFile; fileRef = F679C2662B9E80B300F2EC75 /* PokemonDetails.swift */; };
		F68B34EB2BA286A800E25B4A /* OggDecoder in Frameworks */ = {isa = PBXBuildFile; productRef = F68B34EA2BA286A800E25B4A /* OggDecoder */; };
/* End PBXBuildFile section */

/* Begin PBXFileReference section */
		F644790C2B8E55A400A5812C /* PokedexProjectIOS.app */ = {isa = PBXFileReference; explicitFileType = wrapper.application; includeInIndex = 0; path = PokedexProjectIOS.app; sourceTree = BUILT_PRODUCTS_DIR; };
		F644790F2B8E55A400A5812C /* PokedexProjectIOSApp.swift */ = {isa = PBXFileReference; lastKnownFileType = sourcecode.swift; path = PokedexProjectIOSApp.swift; sourceTree = "<group>"; };
		F64479152B8E55A500A5812C /* Assets.xcassets */ = {isa = PBXFileReference; lastKnownFileType = folder.assetcatalog; path = Assets.xcassets; sourceTree = "<group>"; };
		F64479182B8E55A500A5812C /* Preview Assets.xcassets */ = {isa = PBXFileReference; lastKnownFileType = folder.assetcatalog; path = "Preview Assets.xcassets"; sourceTree = "<group>"; };
		F6668D542B97876800ED2C9C /* Pokemon.swift */ = {isa = PBXFileReference; lastKnownFileType = sourcecode.swift; path = Pokemon.swift; sourceTree = "<group>"; };
		F6668D562B9787E500ED2C9C /* PokemonItemView.swift */ = {isa = PBXFileReference; lastKnownFileType = sourcecode.swift; path = PokemonItemView.swift; sourceTree = "<group>"; };
		F6668D582B97881800ED2C9C /* PokemonListView.swift */ = {isa = PBXFileReference; lastKnownFileType = sourcecode.swift; path = PokemonListView.swift; sourceTree = "<group>"; };
		F6668D5A2B978CC300ED2C9C /* ContentView.swift */ = {isa = PBXFileReference; lastKnownFileType = sourcecode.swift; path = ContentView.swift; sourceTree = "<group>"; };
		F6668D5E2B97949400ED2C9C /* ViewModel.swift */ = {isa = PBXFileReference; lastKnownFileType = sourcecode.swift; path = ViewModel.swift; sourceTree = "<group>"; };
		F679C2642B9E660100F2EC75 /* NetworkManager.swift */ = {isa = PBXFileReference; lastKnownFileType = sourcecode.swift; path = NetworkManager.swift; sourceTree = "<group>"; };
		F679C2662B9E80B300F2EC75 /* PokemonDetails.swift */ = {isa = PBXFileReference; lastKnownFileType = sourcecode.swift; path = PokemonDetails.swift; sourceTree = "<group>"; };
/* End PBXFileReference section */

/* Begin PBXFrameworksBuildPhase section */
		F64479092B8E55A400A5812C /* Frameworks */ = {
			isa = PBXFrameworksBuildPhase;
			buildActionMask = 2147483647;
			files = (
				F68B34EB2BA286A800E25B4A /* OggDecoder in Frameworks */,
			);
			runOnlyForDeploymentPostprocessing = 0;
		};
/* End PBXFrameworksBuildPhase section */

/* Begin PBXGroup section */
		F64479032B8E55A400A5812C = {
			isa = PBXGroup;
			children = (
				F644790E2B8E55A400A5812C /* PokedexProjectIOS */,
				F644790D2B8E55A400A5812C /* Products */,
			);
			sourceTree = "<group>";
		};
		F644790D2B8E55A400A5812C /* Products */ = {
			isa = PBXGroup;
			children = (
				F644790C2B8E55A400A5812C /* PokedexProjectIOS.app */,
			);
			name = Products;
			sourceTree = "<group>";
		};
		F644790E2B8E55A400A5812C /* PokedexProjectIOS */ = {
			isa = PBXGroup;
			children = (
				F679C2642B9E660100F2EC75 /* NetworkManager.swift */,
				F6668D5E2B97949400ED2C9C /* ViewModel.swift */,
				F644790F2B8E55A400A5812C /* PokedexProjectIOSApp.swift */,
				F6668D542B97876800ED2C9C /* Pokemon.swift */,
				F6668D562B9787E500ED2C9C /* PokemonItemView.swift */,
				F6668D582B97881800ED2C9C /* PokemonListView.swift */,
				F6668D5A2B978CC300ED2C9C /* ContentView.swift */,
				F679C2662B9E80B300F2EC75 /* PokemonDetails.swift */,
				F64479152B8E55A500A5812C /* Assets.xcassets */,
				F64479172B8E55A500A5812C /* Preview Content */,
			);
			path = PokedexProjectIOS;
			sourceTree = "<group>";
		};
		F64479172B8E55A500A5812C /* Preview Content */ = {
			isa = PBXGroup;
			children = (
				F64479182B8E55A500A5812C /* Preview Assets.xcassets */,
			);
			path = "Preview Content";
			sourceTree = "<group>";
		};
/* End PBXGroup section */

/* Begin PBXNativeTarget section */
		F644790B2B8E55A400A5812C /* PokedexProjectIOS */ = {
			isa = PBXNativeTarget;
			buildConfigurationList = F644791C2B8E55A500A5812C /* Build configuration list for PBXNativeTarget "PokedexProjectIOS" */;
			buildPhases = (
				F64479082B8E55A400A5812C /* Sources */,
				F64479092B8E55A400A5812C /* Frameworks */,
				F644790A2B8E55A400A5812C /* Resources */,
			);
			buildRules = (
			);
			dependencies = (
			);
			name = PokedexProjectIOS;
			packageProductDependencies = (
				F68B34EA2BA286A800E25B4A /* OggDecoder */,
			);
			productName = PokedexProjectIOS;
			productReference = F644790C2B8E55A400A5812C /* PokedexProjectIOS.app */;
			productType = "com.apple.product-type.application";
		};
/* End PBXNativeTarget section */

/* Begin PBXProject section */
		F64479042B8E55A400A5812C /* Project object */ = {
			isa = PBXProject;
			attributes = {
				BuildIndependentTargetsInParallel = 1;
				LastSwiftUpdateCheck = 1520;
				LastUpgradeCheck = 1520;
				TargetAttributes = {
					F644790B2B8E55A400A5812C = {
						CreatedOnToolsVersion = 15.2;
					};
				};
			};
			buildConfigurationList = F64479072B8E55A400A5812C /* Build configuration list for PBXProject "PokedexProjectIOS" */;
			compatibilityVersion = "Xcode 14.0";
			developmentRegion = en;
			hasScannedForEncodings = 0;
			knownRegions = (
				en,
				Base,
			);
			mainGroup = F64479032B8E55A400A5812C;
			packageReferences = (
				F68B34E92BA286A800E25B4A /* XCRemoteSwiftPackageReference "OggDecoder" */,
			);
			productRefGroup = F644790D2B8E55A400A5812C /* Products */;
			projectDirPath = "";
			projectRoot = "";
			targets = (
				F644790B2B8E55A400A5812C /* PokedexProjectIOS */,
			);
		};
/* End PBXProject section */

/* Begin PBXResourcesBuildPhase section */
		F644790A2B8E55A400A5812C /* Resources */ = {
			isa = PBXResourcesBuildPhase;
			buildActionMask = 2147483647;
			files = (
				F64479192B8E55A500A5812C /* Preview Assets.xcassets in Resources */,
				F64479162B8E55A500A5812C /* Assets.xcassets in Resources */,
			);
			runOnlyForDeploymentPostprocessing = 0;
		};
/* End PBXResourcesBuildPhase section */

/* Begin PBXSourcesBuildPhase section */
		F64479082B8E55A400A5812C /* Sources */ = {
			isa = PBXSourcesBuildPhase;
			buildActionMask = 2147483647;
			files = (
				F6668D552B97876800ED2C9C /* Pokemon.swift in Sources */,
				F6668D5B2B978CC300ED2C9C /* ContentView.swift in Sources */,
				F6668D572B9787E500ED2C9C /* PokemonItemView.swift in Sources */,
				F6668D592B97881800ED2C9C /* PokemonListView.swift in Sources */,
				F679C2652B9E660100F2EC75 /* NetworkManager.swift in Sources */,
				F64479102B8E55A400A5812C /* PokedexProjectIOSApp.swift in Sources */,
				F679C2672B9E80B300F2EC75 /* PokemonDetails.swift in Sources */,
				F6668D5F2B97949400ED2C9C /* ViewModel.swift in Sources */,
			);
			runOnlyForDeploymentPostprocessing = 0;
		};
/* End PBXSourcesBuildPhase section */

/* Begin XCBuildConfiguration section */
		F644791A2B8E55A500A5812C /* Debug */ = {
			isa = XCBuildConfiguration;
			buildSettings = {
				ALWAYS_SEARCH_USER_PATHS = NO;
				ASSETCATALOG_COMPILER_GENERATE_SWIFT_ASSET_SYMBOL_EXTENSIONS = YES;
				CLANG_ANALYZER_NONNULL = YES;
				CLANG_ANALYZER_NUMBER_OBJECT_CONVERSION = YES_AGGRESSIVE;
				CLANG_CXX_LANGUAGE_STANDARD = "gnu++20";
				CLANG_ENABLE_MODULES = YES;
				CLANG_ENABLE_OBJC_ARC = YES;
				CLANG_ENABLE_OBJC_WEAK = YES;
				CLANG_WARN_BLOCK_CAPTURE_AUTORELEASING = YES;
				CLANG_WARN_BOOL_CONVERSION = YES;
				CLANG_WARN_COMMA = YES;
				CLANG_WARN_CONSTANT_CONVERSION = YES;
				CLANG_WARN_DEPRECATED_OBJC_IMPLEMENTATIONS = YES;
				CLANG_WARN_DIRECT_OBJC_ISA_USAGE = YES_ERROR;
				CLANG_WARN_DOCUMENTATION_COMMENTS = YES;
				CLANG_WARN_EMPTY_BODY = YES;
				CLANG_WARN_ENUM_CONVERSION = YES;
				CLANG_WARN_INFINITE_RECURSION = YES;
				CLANG_WARN_INT_CONVERSION = YES;
				CLANG_WARN_NON_LITERAL_NULL_CONVERSION = YES;
				CLANG_WARN_OBJC_IMPLICIT_RETAIN_SELF = YES;
				CLANG_WARN_OBJC_LITERAL_CONVERSION = YES;
				CLANG_WARN_OBJC_ROOT_CLASS = YES_ERROR;
				CLANG_WARN_QUOTED_INCLUDE_IN_FRAMEWORK_HEADER = YES;
				CLANG_WARN_RANGE_LOOP_ANALYSIS = YES;
				CLANG_WARN_STRICT_PROTOTYPES = YES;
				CLANG_WARN_SUSPICIOUS_MOVE = YES;
				CLANG_WARN_UNGUARDED_AVAILABILITY = YES_AGGRESSIVE;
				CLANG_WARN_UNREACHABLE_CODE = YES;
				CLANG_WARN__DUPLICATE_METHOD_MATCH = YES;
				COPY_PHASE_STRIP = NO;
				DEBUG_INFORMATION_FORMAT = dwarf;
				ENABLE_STRICT_OBJC_MSGSEND = YES;
				ENABLE_TESTABILITY = YES;
				ENABLE_USER_SCRIPT_SANDBOXING = YES;
				GCC_C_LANGUAGE_STANDARD = gnu17;
				GCC_DYNAMIC_NO_PIC = NO;
				GCC_NO_COMMON_BLOCKS = YES;
				GCC_OPTIMIZATION_LEVEL = 0;
				GCC_PREPROCESSOR_DEFINITIONS = (
					"DEBUG=1",
					"$(inherited)",
				);
				GCC_WARN_64_TO_32_BIT_CONVERSION = YES;
				GCC_WARN_ABOUT_RETURN_TYPE = YES_ERROR;
				GCC_WARN_UNDECLARED_SELECTOR = YES;
				GCC_WARN_UNINITIALIZED_AUTOS = YES_AGGRESSIVE;
				GCC_WARN_UNUSED_FUNCTION = YES;
				GCC_WARN_UNUSED_VARIABLE = YES;
				IPHONEOS_DEPLOYMENT_TARGET = 17.2;
				LOCALIZATION_PREFERS_STRING_CATALOGS = YES;
				MTL_ENABLE_DEBUG_INFO = INCLUDE_SOURCE;
				MTL_FAST_MATH = YES;
				ONLY_ACTIVE_ARCH = YES;
				SDKROOT = iphoneos;
				SWIFT_ACTIVE_COMPILATION_CONDITIONS = "DEBUG $(inherited)";
				SWIFT_OPTIMIZATION_LEVEL = "-Onone";
			};
			name = Debug;
		};
		F644791B2B8E55A500A5812C /* Release */ = {
			isa = XCBuildConfiguration;
			buildSettings = {
				ALWAYS_SEARCH_USER_PATHS = NO;
				ASSETCATALOG_COMPILER_GENERATE_SWIFT_ASSET_SYMBOL_EXTENSIONS = YES;
				CLANG_ANALYZER_NONNULL = YES;
				CLANG_ANALYZER_NUMBER_OBJECT_CONVERSION = YES_AGGRESSIVE;
				CLANG_CXX_LANGUAGE_STANDARD = "gnu++20";
				CLANG_ENABLE_MODULES = YES;
				CLANG_ENABLE_OBJC_ARC = YES;
				CLANG_ENABLE_OBJC_WEAK = YES;
				CLANG_WARN_BLOCK_CAPTURE_AUTORELEASING = YES;
				CLANG_WARN_BOOL_CONVERSION = YES;
				CLANG_WARN_COMMA = YES;
				CLANG_WARN_CONSTANT_CONVERSION = YES;
				CLANG_WARN_DEPRECATED_OBJC_IMPLEMENTATIONS = YES;
				CLANG_WARN_DIRECT_OBJC_ISA_USAGE = YES_ERROR;
				CLANG_WARN_DOCUMENTATION_COMMENTS = YES;
				CLANG_WARN_EMPTY_BODY = YES;
				CLANG_WARN_ENUM_CONVERSION = YES;
				CLANG_WARN_INFINITE_RECURSION = YES;
				CLANG_WARN_INT_CONVERSION = YES;
				CLANG_WARN_NON_LITERAL_NULL_CONVERSION = YES;
				CLANG_WARN_OBJC_IMPLICIT_RETAIN_SELF = YES;
				CLANG_WARN_OBJC_LITERAL_CONVERSION = YES;
				CLANG_WARN_OBJC_ROOT_CLASS = YES_ERROR;
				CLANG_WARN_QUOTED_INCLUDE_IN_FRAMEWORK_HEADER = YES;
				CLANG_WARN_RANGE_LOOP_ANALYSIS = YES;
				CLANG_WARN_STRICT_PROTOTYPES = YES;
				CLANG_WARN_SUSPICIOUS_MOVE = YES;
				CLANG_WARN_UNGUARDED_AVAILABILITY = YES_AGGRESSIVE;
				CLANG_WARN_UNREACHABLE_CODE = YES;
				CLANG_WARN__DUPLICATE_METHOD_MATCH = YES;
				COPY_PHASE_STRIP = NO;
				DEBUG_INFORMATION_FORMAT = "dwarf-with-dsym";
				ENABLE_NS_ASSERTIONS = NO;
				ENABLE_STRICT_OBJC_MSGSEND = YES;
				ENABLE_USER_SCRIPT_SANDBOXING = YES;
				GCC_C_LANGUAGE_STANDARD = gnu17;
				GCC_NO_COMMON_BLOCKS = YES;
				GCC_WARN_64_TO_32_BIT_CONVERSION = YES;
				GCC_WARN_ABOUT_RETURN_TYPE = YES_ERROR;
				GCC_WARN_UNDECLARED_SELECTOR = YES;
				GCC_WARN_UNINITIALIZED_AUTOS = YES_AGGRESSIVE;
				GCC_WARN_UNUSED_FUNCTION = YES;
				GCC_WARN_UNUSED_VARIABLE = YES;
				IPHONEOS_DEPLOYMENT_TARGET = 17.2;
				LOCALIZATION_PREFERS_STRING_CATALOGS = YES;
				MTL_ENABLE_DEBUG_INFO = NO;
				MTL_FAST_MATH = YES;
				SDKROOT = iphoneos;
				SWIFT_COMPILATION_MODE = wholemodule;
				VALIDATE_PRODUCT = YES;
			};
			name = Release;
		};
		F644791D2B8E55A500A5812C /* Debug */ = {
			isa = XCBuildConfiguration;
			buildSettings = {
				ASSETCATALOG_COMPILER_APPICON_NAME = AppIcon;
				ASSETCATALOG_COMPILER_GLOBAL_ACCENT_COLOR_NAME = AccentColor;
				CODE_SIGN_STYLE = Automatic;
				CURRENT_PROJECT_VERSION = 1;
				DEVELOPMENT_ASSET_PATHS = "\"PokedexProjectIOS/Preview Content\"";
				ENABLE_PREVIEWS = YES;
				GENERATE_INFOPLIST_FILE = YES;
				INFOPLIST_KEY_UIApplicationSceneManifest_Generation = YES;
				INFOPLIST_KEY_UIApplicationSupportsIndirectInputEvents = YES;
				INFOPLIST_KEY_UILaunchScreen_Generation = YES;
				INFOPLIST_KEY_UISupportedInterfaceOrientations_iPad = "UIInterfaceOrientationPortrait UIInterfaceOrientationPortraitUpsideDown UIInterfaceOrientationLandscapeLeft UIInterfaceOrientationLandscapeRight";
				INFOPLIST_KEY_UISupportedInterfaceOrientations_iPhone = "UIInterfaceOrientationPortrait UIInterfaceOrientationLandscapeLeft UIInterfaceOrientationLandscapeRight";
				LD_RUNPATH_SEARCH_PATHS = (
					"$(inherited)",
					"@executable_path/Frameworks",
				);
				MARKETING_VERSION = 1.0;
				PRODUCT_BUNDLE_IDENTIFIER = com.CSTP.PokedexProjectIOS;
				PRODUCT_NAME = "$(TARGET_NAME)";
				SWIFT_EMIT_LOC_STRINGS = YES;
				SWIFT_VERSION = 5.0;
				TARGETED_DEVICE_FAMILY = "1,2";
			};
			name = Debug;
		};
		F644791E2B8E55A500A5812C /* Release */ = {
			isa = XCBuildConfiguration;
			buildSettings = {
				ASSETCATALOG_COMPILER_APPICON_NAME = AppIcon;
				ASSETCATALOG_COMPILER_GLOBAL_ACCENT_COLOR_NAME = AccentColor;
				CODE_SIGN_STYLE = Automatic;
				CURRENT_PROJECT_VERSION = 1;
				DEVELOPMENT_ASSET_PATHS = "\"PokedexProjectIOS/Preview Content\"";
				ENABLE_PREVIEWS = YES;
				GENERATE_INFOPLIST_FILE = YES;
				INFOPLIST_KEY_UIApplicationSceneManifest_Generation = YES;
				INFOPLIST_KEY_UIApplicationSupportsIndirectInputEvents = YES;
				INFOPLIST_KEY_UILaunchScreen_Generation = YES;
				INFOPLIST_KEY_UISupportedInterfaceOrientations_iPad = "UIInterfaceOrientationPortrait UIInterfaceOrientationPortraitUpsideDown UIInterfaceOrientationLandscapeLeft UIInterfaceOrientationLandscapeRight";
				INFOPLIST_KEY_UISupportedInterfaceOrientations_iPhone = "UIInterfaceOrientationPortrait UIInterfaceOrientationLandscapeLeft UIInterfaceOrientationLandscapeRight";
				LD_RUNPATH_SEARCH_PATHS = (
					"$(inherited)",
					"@executable_path/Frameworks",
				);
				MARKETING_VERSION = 1.0;
				PRODUCT_BUNDLE_IDENTIFIER = com.CSTP.PokedexProjectIOS;
				PRODUCT_NAME = "$(TARGET_NAME)";
				SWIFT_EMIT_LOC_STRINGS = YES;
				SWIFT_VERSION = 5.0;
				TARGETED_DEVICE_FAMILY = "1,2";
			};
			name = Release;
		};
/* End XCBuildConfiguration section */

/* Begin XCConfigurationList section */
		F64479072B8E55A400A5812C /* Build configuration list for PBXProject "PokedexProjectIOS" */ = {
			isa = XCConfigurationList;
			buildConfigurations = (
				F644791A2B8E55A500A5812C /* Debug */,
				F644791B2B8E55A500A5812C /* Release */,
			);
			defaultConfigurationIsVisible = 0;
			defaultConfigurationName = Release;
		};
		F644791C2B8E55A500A5812C /* Build configuration list for PBXNativeTarget "PokedexProjectIOS" */ = {
			isa = XCConfigurationList;
			buildConfigurations = (
				F644791D2B8E55A500A5812C /* Debug */,
				F644791E2B8E55A500A5812C /* Release */,
			);
			defaultConfigurationIsVisible = 0;
			defaultConfigurationName = Release;
		};
/* End XCConfigurationList section */

/* Begin XCRemoteSwiftPackageReference section */
		F68B34E92BA286A800E25B4A /* XCRemoteSwiftPackageReference "OggDecoder" */ = {
			isa = XCRemoteSwiftPackageReference;
			repositoryURL = "https://github.com/arkasas/OggDecoder";
			requirement = {
				branch = main;
				kind = branch;
			};
		};
/* End XCRemoteSwiftPackageReference section */

/* Begin XCSwiftPackageProductDependency section */
		F68B34EA2BA286A800E25B4A /* OggDecoder */ = {
			isa = XCSwiftPackageProductDependency;
			package = F68B34E92BA286A800E25B4A /* XCRemoteSwiftPackageReference "OggDecoder" */;
			productName = OggDecoder;
		};
/* End XCSwiftPackageProductDependency section */
	};
	rootObject = F64479042B8E55A400A5812C /* Project object */;
}
